
Microsoft Visual Studio Solution File, Format Version 12.00
# Visual Studio Version 16
VisualStudioVersion = 16.0.30330.147
MinimumVisualStudioVersion = 10.0.40219.1
Project("{FAE04EC0-301F-11D3-BF4B-00C04F79EFBC}") = "BookStore-API", "BookStore-API\BookStore-API.csproj", "{B6ACE89A-FC06-42F3-9F09-E85381156878}"
EndProject
Global
	GlobalSection(SolutionConfigurationPlatforms) = preSolution
		Debug|Any CPU = Debug|Any CPU
		Release|Any CPU = Release|Any CPU
	EndGlobalSection
	GlobalSection(ProjectConfigurationPlatforms) = postSolution
		{B6ACE89A-FC06-42F3-9F09-E85381156878}.Debug|Any CPU.ActiveCfg = Debug|Any CPU
		{B6ACE89A-FC06-42F3-9F09-E85381156878}.Debug|Any CPU.Build.0 = Debug|Any CPU
		{B6ACE89A-FC06-42F3-9F09-E85381156878}.Release|Any CPU.ActiveCfg = Release|Any CPU
		{B6ACE89A-FC06-42F3-9F09-E85381156878}.Release|Any CPU.Build.0 = Release|Any CPU
	EndGlobalSection
	GlobalSection(SolutionProperties) = preSolution
		HideSolutionNode = FALSE
	EndGlobalSection
	GlobalSection(ExtensibilityGlobals) = postSolution
		SolutionGuid = {087D3380-ADEE-4305-BEC2-7CB453D57629}
	EndGlobalSection
EndGlobal
